
Microsoft Visual Studio Solution File, Format Version 12.00
# Visual Studio 15
VisualStudioVersion = 15.0.28307.489
MinimumVisualStudioVersion = 10.0.40219.1
Project("{9A19103F-16F7-4668-BE54-9A1E7A4F7556}") = "GraphQLapp", "GraphQLapp.csproj", "{D5C7F7A0-5194-496E-ACA9-B645DB4743FF}"
EndProject
Global
	GlobalSection(SolutionConfigurationPlatforms) = preSolution
		Debug|Any CPU = Debug|Any CPU
		Release|Any CPU = Release|Any CPU
	EndGlobalSection
	GlobalSection(ProjectConfigurationPlatforms) = postSolution
		{D5C7F7A0-5194-496E-ACA9-B645DB4743FF}.Debug|Any CPU.ActiveCfg = Debug|Any CPU
		{D5C7F7A0-5194-496E-ACA9-B645DB4743FF}.Debug|Any CPU.Build.0 = Debug|Any CPU
		{D5C7F7A0-5194-496E-ACA9-B645DB4743FF}.Release|Any CPU.ActiveCfg = Release|Any CPU
		{D5C7F7A0-5194-496E-ACA9-B645DB4743FF}.Release|Any CPU.Build.0 = Release|Any CPU
	EndGlobalSection
	GlobalSection(SolutionProperties) = preSolution
		HideSolutionNode = FALSE
	EndGlobalSection
	GlobalSection(ExtensibilityGlobals) = postSolution
		SolutionGuid = {382CCECA-60F0-475B-ADF5-BC228022F029}
	EndGlobalSection
EndGlobal
